
Microsoft Visual Studio Solution File, Format Version 12.00
# Visual Studio Version 16
VisualStudioVersion = 16.0.33801.447
MinimumVisualStudioVersion = 10.0.40219.1
Project("{FAE04EC0-301F-11D3-BF4B-00C04F79EFBC}") = "SalesPersonOrderSystem", "SalesPersonOrderSystem\SalesPersonOrderSystem.csproj", "{4D3AFBB2-BA02-4621-8FB0-AD98D952FFEF}"
EndProject
<<<<<<< HEAD
Project("{FAE04EC0-301F-11D3-BF4B-00C04F79EFBC}") = "SalesOrderExceptions", "SalesOrderExceptions\SalesOrderExceptions.csproj", "{089C532F-E77A-4D71-B71C-5C40BE1E90C2}"
EndProject
Project("{FAE04EC0-301F-11D3-BF4B-00C04F79EFBC}") = "SalesOrderEntity", "SalesOrderEntity\SalesOrderEntity.csproj", "{37F3E4FE-04A3-4D0D-B845-4DCE33AFA3FC}"
EndProject
Project("{FAE04EC0-301F-11D3-BF4B-00C04F79EFBC}") = "SalesOrderDAL", "SalesOrderDAL\SalesOrderDAL.csproj", "{C413B0B5-FA19-476C-B0B2-5D8F10E56717}"
EndProject
=======
>>>>>>> e4c103e5c0f7afffca2e7ed9aaa7d85a3f280354
Global
	GlobalSection(SolutionConfigurationPlatforms) = preSolution
		Debug|Any CPU = Debug|Any CPU
		Release|Any CPU = Release|Any CPU
	EndGlobalSection
	GlobalSection(ProjectConfigurationPlatforms) = postSolution
		{4D3AFBB2-BA02-4621-8FB0-AD98D952FFEF}.Debug|Any CPU.ActiveCfg = Debug|Any CPU
		{4D3AFBB2-BA02-4621-8FB0-AD98D952FFEF}.Debug|Any CPU.Build.0 = Debug|Any CPU
		{4D3AFBB2-BA02-4621-8FB0-AD98D952FFEF}.Release|Any CPU.ActiveCfg = Release|Any CPU
		{4D3AFBB2-BA02-4621-8FB0-AD98D952FFEF}.Release|Any CPU.Build.0 = Release|Any CPU
<<<<<<< HEAD
		{089C532F-E77A-4D71-B71C-5C40BE1E90C2}.Debug|Any CPU.ActiveCfg = Debug|Any CPU
		{089C532F-E77A-4D71-B71C-5C40BE1E90C2}.Debug|Any CPU.Build.0 = Debug|Any CPU
		{089C532F-E77A-4D71-B71C-5C40BE1E90C2}.Release|Any CPU.ActiveCfg = Release|Any CPU
		{089C532F-E77A-4D71-B71C-5C40BE1E90C2}.Release|Any CPU.Build.0 = Release|Any CPU
		{37F3E4FE-04A3-4D0D-B845-4DCE33AFA3FC}.Debug|Any CPU.ActiveCfg = Debug|Any CPU
		{37F3E4FE-04A3-4D0D-B845-4DCE33AFA3FC}.Debug|Any CPU.Build.0 = Debug|Any CPU
		{37F3E4FE-04A3-4D0D-B845-4DCE33AFA3FC}.Release|Any CPU.ActiveCfg = Release|Any CPU
		{37F3E4FE-04A3-4D0D-B845-4DCE33AFA3FC}.Release|Any CPU.Build.0 = Release|Any CPU
		{C413B0B5-FA19-476C-B0B2-5D8F10E56717}.Debug|Any CPU.ActiveCfg = Debug|Any CPU
		{C413B0B5-FA19-476C-B0B2-5D8F10E56717}.Debug|Any CPU.Build.0 = Debug|Any CPU
		{C413B0B5-FA19-476C-B0B2-5D8F10E56717}.Release|Any CPU.ActiveCfg = Release|Any CPU
		{C413B0B5-FA19-476C-B0B2-5D8F10E56717}.Release|Any CPU.Build.0 = Release|Any CPU
=======
>>>>>>> e4c103e5c0f7afffca2e7ed9aaa7d85a3f280354
	EndGlobalSection
	GlobalSection(SolutionProperties) = preSolution
		HideSolutionNode = FALSE
	EndGlobalSection
	GlobalSection(ExtensibilityGlobals) = postSolution
		SolutionGuid = {33E8E29E-4963-4FAF-99CA-D92DD97E7A21}
	EndGlobalSection
EndGlobal
