
Microsoft Visual Studio Solution File, Format Version 12.00
# Visual Studio Version 16
VisualStudioVersion = 16.0.33801.447
MinimumVisualStudioVersion = 10.0.40219.1
Project("{FAE04EC0-301F-11D3-BF4B-00C04F79EFBC}") = "SalesPersonOrderSystem", "SalesPersonOrderSystem\SalesPersonOrderSystem.csproj", "{4D3AFBB2-BA02-4621-8FB0-AD98D952FFEF}"
EndProject
Global
	GlobalSection(SolutionConfigurationPlatforms) = preSolution
		Debug|Any CPU = Debug|Any CPU
		Release|Any CPU = Release|Any CPU
	EndGlobalSection
	GlobalSection(ProjectConfigurationPlatforms) = postSolution
		{4D3AFBB2-BA02-4621-8FB0-AD98D952FFEF}.Debug|Any CPU.ActiveCfg = Debug|Any CPU
		{4D3AFBB2-BA02-4621-8FB0-AD98D952FFEF}.Debug|Any CPU.Build.0 = Debug|Any CPU
		{4D3AFBB2-BA02-4621-8FB0-AD98D952FFEF}.Release|Any CPU.ActiveCfg = Release|Any CPU
		{4D3AFBB2-BA02-4621-8FB0-AD98D952FFEF}.Release|Any CPU.Build.0 = Release|Any CPU
	EndGlobalSection
	GlobalSection(SolutionProperties) = preSolution
		HideSolutionNode = FALSE
	EndGlobalSection
	GlobalSection(ExtensibilityGlobals) = postSolution
		SolutionGuid = {33E8E29E-4963-4FAF-99CA-D92DD97E7A21}
	EndGlobalSection
EndGlobal
