
Microsoft Visual Studio Solution File, Format Version 12.00
# Visual Studio Version 16
VisualStudioVersion = 16.0.33801.447
MinimumVisualStudioVersion = 10.0.40219.1
Project("{FAE04EC0-301F-11D3-BF4B-00C04F79EFBC}") = "SalesPersonOrderSystem", "SalesPersonOrderSystem\SalesPersonOrderSystem.csproj", "{11900CB2-A750-439E-9A5C-6A154877958D}"
EndProject
Project("{FAE04EC0-301F-11D3-BF4B-00C04F79EFBC}") = "SalesPersonOrderManger", "SalesPersonOrderManger\SalesPersonOrderManger.csproj", "{205BD167-C93A-48E8-8804-BAFD570F5E15}"
EndProject
Project("{FAE04EC0-301F-11D3-BF4B-00C04F79EFBC}") = "SalesOrderDOL", "SalesOrderDOL\SalesOrderDOL.csproj", "{A10C0817-57FD-4099-8463-F8E9AF43E592}"
EndProject
Project("{FAE04EC0-301F-11D3-BF4B-00C04F79EFBC}") = "SalesOrderEntities", "SalesOrderEntities\SalesOrderEntities.csproj", "{CFFB55B6-A233-45ED-B425-0CC21D6197F5}"
EndProject
Project("{FAE04EC0-301F-11D3-BF4B-00C04F79EFBC}") = "OrderSystemException", "OrderSystemException\OrderSystemException.csproj", "{1A0DC1CD-DA38-400B-98D5-0B0903CE7B0B}"
EndProject
Global
	GlobalSection(SolutionConfigurationPlatforms) = preSolution
		Debug|Any CPU = Debug|Any CPU
		Release|Any CPU = Release|Any CPU
	EndGlobalSection
	GlobalSection(ProjectConfigurationPlatforms) = postSolution
		{11900CB2-A750-439E-9A5C-6A154877958D}.Debug|Any CPU.ActiveCfg = Debug|Any CPU
		{11900CB2-A750-439E-9A5C-6A154877958D}.Debug|Any CPU.Build.0 = Debug|Any CPU
		{11900CB2-A750-439E-9A5C-6A154877958D}.Release|Any CPU.ActiveCfg = Release|Any CPU
		{11900CB2-A750-439E-9A5C-6A154877958D}.Release|Any CPU.Build.0 = Release|Any CPU
		{205BD167-C93A-48E8-8804-BAFD570F5E15}.Debug|Any CPU.ActiveCfg = Debug|Any CPU
		{205BD167-C93A-48E8-8804-BAFD570F5E15}.Debug|Any CPU.Build.0 = Debug|Any CPU
		{205BD167-C93A-48E8-8804-BAFD570F5E15}.Release|Any CPU.ActiveCfg = Release|Any CPU
		{205BD167-C93A-48E8-8804-BAFD570F5E15}.Release|Any CPU.Build.0 = Release|Any CPU
		{A10C0817-57FD-4099-8463-F8E9AF43E592}.Debug|Any CPU.ActiveCfg = Debug|Any CPU
		{A10C0817-57FD-4099-8463-F8E9AF43E592}.Debug|Any CPU.Build.0 = Debug|Any CPU
		{A10C0817-57FD-4099-8463-F8E9AF43E592}.Release|Any CPU.ActiveCfg = Release|Any CPU
		{A10C0817-57FD-4099-8463-F8E9AF43E592}.Release|Any CPU.Build.0 = Release|Any CPU
		{CFFB55B6-A233-45ED-B425-0CC21D6197F5}.Debug|Any CPU.ActiveCfg = Debug|Any CPU
		{CFFB55B6-A233-45ED-B425-0CC21D6197F5}.Debug|Any CPU.Build.0 = Debug|Any CPU
		{CFFB55B6-A233-45ED-B425-0CC21D6197F5}.Release|Any CPU.ActiveCfg = Release|Any CPU
		{CFFB55B6-A233-45ED-B425-0CC21D6197F5}.Release|Any CPU.Build.0 = Release|Any CPU
		{1A0DC1CD-DA38-400B-98D5-0B0903CE7B0B}.Debug|Any CPU.ActiveCfg = Debug|Any CPU
		{1A0DC1CD-DA38-400B-98D5-0B0903CE7B0B}.Debug|Any CPU.Build.0 = Debug|Any CPU
		{1A0DC1CD-DA38-400B-98D5-0B0903CE7B0B}.Release|Any CPU.ActiveCfg = Release|Any CPU
		{1A0DC1CD-DA38-400B-98D5-0B0903CE7B0B}.Release|Any CPU.Build.0 = Release|Any CPU
	EndGlobalSection
	GlobalSection(SolutionProperties) = preSolution
		HideSolutionNode = FALSE
	EndGlobalSection
	GlobalSection(ExtensibilityGlobals) = postSolution
		SolutionGuid = {01C484E7-2519-43B6-9BAD-4CF6299F8FBF}
	EndGlobalSection
EndGlobal
